<?xml version="1.0" encoding="UTF-8"?>
<Scheme
   LastUpgradeVersion = "0500"
   version = "1.3">
   <BuildAction
      parallelizeBuildables = "YES"
      buildImplicitDependencies = "YES">
      <BuildActionEntries>
         <BuildActionEntry
            buildForTesting = "YES"
            buildForRunning = "NO"
            buildForProfiling = "NO"
            buildForArchiving = "NO"
            buildForAnalyzing = "YES">
            <BuildableReference
               BuildableIdentifier = "primary"
               BlueprintIdentifier = "C5AE2DFE1410374C0087CD93"
               BuildableName = "LogicTests.xctest"
               BlueprintName = "LogicTests"
               ReferencedContainer = "container:MailBoxes.xcodeproj">
            </BuildableReference>
         </BuildActionEntry>
      </BuildActionEntries>
   </BuildAction>
   <TestAction
      selectedDebuggerIdentifier = "Xcode.DebuggerFoundation.Debugger.LLDB"
      selectedLauncherIdentifier = "Xcode.DebuggerFoundation.Launcher.LLDB"
      shouldUseLaunchSchemeArgsEnv = "YES"
      buildConfiguration = "Debug">
      <Testables>
         <TestableReference
            skipped = "NO">
            <BuildableReference
               BuildableIdentifier = "primary"
               BlueprintIdentifier = "C5AE2DFE1410374C0087CD93"
               BuildableName = "LogicTests.xctest"
               BlueprintName = "LogicTests"
               ReferencedContainer = "container:MailBoxes.xcodeproj">
            </BuildableReference>
            <SkippedTests>
               <Test
                  Identifier = "IMAPClientTest/testExtractStringPreceededBy">
               </Test>
               <Test
                  Identifier = "IMAPClientTest/testRespFetchBodyPart2">
               </Test>
               <Test
                  Identifier = "LogicTests">
               </Test>
               <Test
                  Identifier = "RFC2822RawMessageHeaderTest">
               </Test>
               <Test
                  Identifier = "MIMERFC2047EncodeDecodeTests">
               </Test>
               <Test
                  Identifier = "MBTransformerTests">
               </Test>
               <Test
                  Identifier = "IMAPResponseParserTests">
               </Test>
               <Test
                  Identifier = "IMAPClientTest/testRespFetchUidBodystructureMultiPartImageMessage">
               </Test>
               <Test
                  Identifier = "IMAPClientTest/testRespFetchUidBodystructureMultiPartApplicationExcel">
               </Test>
            </SkippedTests>
         </TestableReference>
      </Testables>
   </TestAction>
   <LaunchAction
      selectedDebuggerIdentifier = "Xcode.DebuggerFoundation.Debugger.LLDB"
      selectedLauncherIdentifier = "Xcode.DebuggerFoundation.Launcher.LLDB"
      launchStyle = "0"
      useCustomWorkingDirectory = "NO"
      buildConfiguration = "Debug"
      ignoresPersistentStateOnLaunch = "NO"
      debugDocumentVersioning = "YES"
      allowLocationSimulation = "YES">
      <AdditionalOptions>
      </AdditionalOptions>
   </LaunchAction>
   <ProfileAction
      shouldUseLaunchSchemeArgsEnv = "YES"
      savedToolIdentifier = ""
      useCustomWorkingDirectory = "NO"
      buildConfiguration = "Release"
      debugDocumentVersioning = "YES">
   </ProfileAction>
   <AnalyzeAction
      buildConfiguration = "Debug">
   </AnalyzeAction>
   <ArchiveAction
      buildConfiguration = "Release"
      revealArchiveInOrganizer = "YES">
   </ArchiveAction>
</Scheme>
